// !$*UTF8*$!
{
	archiveVersion = 1;
	classes = {
	};
	objectVersion = 46;
	objects = {

/* Begin PBXBuildFile section */
		C39EE7F4158EBCA7001C1623 /* Foundation.framework in Frameworks */ = {isa = PBXBuildFile; fileRef = C39EE7F3158EBCA7001C1623 /* Foundation.framework */; };
		C39EE7F7158EBCA7001C1623 /* main.m in Sources */ = {isa = PBXBuildFile; fileRef = C39EE7F6158EBCA7001C1623 /* main.m */; };
		C39EE7FB158EBCA7001C1623 /* PokerEval.1 in CopyFiles */ = {isa = PBXBuildFile; fileRef = C39EE7FA158EBCA7001C1623 /* PokerEval.1 */; };
		C39EE823158EBE28001C1623 /* HandEvaluator.m in Sources */ = {isa = PBXBuildFile; fileRef = C39EE822158EBE28001C1623 /* HandEvaluator.m */; };
		C39EE826158EC1CC001C1623 /* Card.m in Sources */ = {isa = PBXBuildFile; fileRef = C39EE825158EC1CC001C1623 /* Card.m */; };
		C39EE82A158EC27E001C1623 /* HoldemHandDistribution.m in Sources */ = {isa = PBXBuildFile; fileRef = C39EE829158EC27E001C1623 /* HoldemHandDistribution.m */; };
/* End PBXBuildFile section */

/* Begin PBXCopyFilesBuildPhase section */
		C39EE7ED158EBCA7001C1623 /* CopyFiles */ = {
			isa = PBXCopyFilesBuildPhase;
			buildActionMask = 2147483647;
			dstPath = /usr/share/man/man1/;
			dstSubfolderSpec = 0;
			files = (
				C39EE7FB158EBCA7001C1623 /* PokerEval.1 in CopyFiles */,
			);
			runOnlyForDeploymentPostprocessing = 1;
		};
/* End PBXCopyFilesBuildPhase section */

/* Begin PBXFileReference section */
		C39EE7EF158EBCA7001C1623 /* PokerEval */ = {isa = PBXFileReference; explicitFileType = "compiled.mach-o.executable"; includeInIndex = 0; path = PokerEval; sourceTree = BUILT_PRODUCTS_DIR; };
		C39EE7F3158EBCA7001C1623 /* Foundation.framework */ = {isa = PBXFileReference; lastKnownFileType = wrapper.framework; name = Foundation.framework; path = System/Library/Frameworks/Foundation.framework; sourceTree = SDKROOT; };
		C39EE7F6158EBCA7001C1623 /* main.m */ = {isa = PBXFileReference; lastKnownFileType = sourcecode.c.objc; path = main.m; sourceTree = "<group>"; };
		C39EE7F9158EBCA7001C1623 /* PokerEval-Prefix.pch */ = {isa = PBXFileReference; lastKnownFileType = sourcecode.c.h; path = "PokerEval-Prefix.pch"; sourceTree = "<group>"; };
		C39EE7FA158EBCA7001C1623 /* PokerEval.1 */ = {isa = PBXFileReference; lastKnownFileType = text.man; path = PokerEval.1; sourceTree = "<group>"; };
		C39EE821158EBE28001C1623 /* HandEvaluator.h */ = {isa = PBXFileReference; fileEncoding = 4; lastKnownFileType = sourcecode.c.h; path = HandEvaluator.h; sourceTree = "<group>"; };
		C39EE822158EBE28001C1623 /* HandEvaluator.m */ = {isa = PBXFileReference; fileEncoding = 4; lastKnownFileType = sourcecode.c.objc; path = HandEvaluator.m; sourceTree = "<group>"; };
		C39EE824158EC1CC001C1623 /* Card.h */ = {isa = PBXFileReference; fileEncoding = 4; lastKnownFileType = sourcecode.c.h; path = Card.h; sourceTree = "<group>"; };
		C39EE825158EC1CC001C1623 /* Card.m */ = {isa = PBXFileReference; fileEncoding = 4; lastKnownFileType = sourcecode.c.objc; path = Card.m; sourceTree = "<group>"; };
		C39EE827158EC222001C1623 /* HandEvaluatorLookupTables.h */ = {isa = PBXFileReference; lastKnownFileType = sourcecode.c.h; path = HandEvaluatorLookupTables.h; sourceTree = "<group>"; };
		C39EE828158EC27E001C1623 /* HoldemHandDistribution.h */ = {isa = PBXFileReference; fileEncoding = 4; lastKnownFileType = sourcecode.c.h; path = HoldemHandDistribution.h; sourceTree = "<group>"; };
		C39EE829158EC27E001C1623 /* HoldemHandDistribution.m */ = {isa = PBXFileReference; fileEncoding = 4; lastKnownFileType = sourcecode.c.objc; path = HoldemHandDistribution.m; sourceTree = "<group>"; };
/* End PBXFileReference section */

/* Begin PBXFrameworksBuildPhase section */
		C39EE7EC158EBCA7001C1623 /* Frameworks */ = {
			isa = PBXFrameworksBuildPhase;
			buildActionMask = 2147483647;
			files = (
				C39EE7F4158EBCA7001C1623 /* Foundation.framework in Frameworks */,
			);
			runOnlyForDeploymentPostprocessing = 0;
		};
/* End PBXFrameworksBuildPhase section */

/* Begin PBXGroup section */
		C39EE7E4158EBCA7001C1623 = {
			isa = PBXGroup;
			children = (
				C39EE821158EBE28001C1623 /* HandEvaluator.h */,
				C39EE822158EBE28001C1623 /* HandEvaluator.m */,
				C39EE827158EC222001C1623 /* HandEvaluatorLookupTables.h */,
				C39EE828158EC27E001C1623 /* HoldemHandDistribution.h */,
				C39EE829158EC27E001C1623 /* HoldemHandDistribution.m */,
				C39EE824158EC1CC001C1623 /* Card.h */,
				C39EE825158EC1CC001C1623 /* Card.m */,
				C39EE7F5158EBCA7001C1623 /* Demo */,
				C39EE7F2158EBCA7001C1623 /* Frameworks */,
				C39EE7F0158EBCA7001C1623 /* Products */,
			);
			sourceTree = "<group>";
		};
		C39EE7F0158EBCA7001C1623 /* Products */ = {
			isa = PBXGroup;
			children = (
				C39EE7EF158EBCA7001C1623 /* PokerEval */,
			);
			name = Products;
			sourceTree = "<group>";
		};
		C39EE7F2158EBCA7001C1623 /* Frameworks */ = {
			isa = PBXGroup;
			children = (
				C39EE7F3158EBCA7001C1623 /* Foundation.framework */,
			);
			name = Frameworks;
			sourceTree = "<group>";
		};
		C39EE7F5158EBCA7001C1623 /* Demo */ = {
			isa = PBXGroup;
			children = (
				C39EE7F6158EBCA7001C1623 /* main.m */,
				C39EE7FA158EBCA7001C1623 /* PokerEval.1 */,
				C39EE7F8158EBCA7001C1623 /* Supporting Files */,
			);
			name = Demo;
			path = PokerEval;
			sourceTree = "<group>";
		};
		C39EE7F8158EBCA7001C1623 /* Supporting Files */ = {
			isa = PBXGroup;
			children = (
				C39EE7F9158EBCA7001C1623 /* PokerEval-Prefix.pch */,
			);
			name = "Supporting Files";
			sourceTree = "<group>";
		};
/* End PBXGroup section */

/* Begin PBXNativeTarget section */
		C39EE7EE158EBCA7001C1623 /* PokerEval */ = {
			isa = PBXNativeTarget;
			buildConfigurationList = C39EE7FE158EBCA7001C1623 /* Build configuration list for PBXNativeTarget "PokerEval" */;
			buildPhases = (
				C39EE7EB158EBCA7001C1623 /* Sources */,
				C39EE7EC158EBCA7001C1623 /* Frameworks */,
				C39EE7ED158EBCA7001C1623 /* CopyFiles */,
			);
			buildRules = (
			);
			dependencies = (
			);
			name = PokerEval;
			productName = PokerEval;
			productReference = C39EE7EF158EBCA7001C1623 /* PokerEval */;
			productType = "com.apple.product-type.tool";
		};
/* End PBXNativeTarget section */

/* Begin PBXProject section */
		C39EE7E6158EBCA7001C1623 /* Project object */ = {
			isa = PBXProject;
			attributes = {
				LastUpgradeCheck = 0720;
			};
			buildConfigurationList = C39EE7E9158EBCA7001C1623 /* Build configuration list for PBXProject "PokerEval" */;
			compatibilityVersion = "Xcode 3.2";
			developmentRegion = English;
			hasScannedForEncodings = 0;
			knownRegions = (
				en,
			);
			mainGroup = C39EE7E4158EBCA7001C1623;
			productRefGroup = C39EE7F0158EBCA7001C1623 /* Products */;
			projectDirPath = "";
			projectRoot = "";
			targets = (
				C39EE7EE158EBCA7001C1623 /* PokerEval */,
			);
		};
/* End PBXProject section */

/* Begin PBXSourcesBuildPhase section */
		C39EE7EB158EBCA7001C1623 /* Sources */ = {
			isa = PBXSourcesBuildPhase;
			buildActionMask = 2147483647;
			files = (
				C39EE7F7158EBCA7001C1623 /* main.m in Sources */,
				C39EE823158EBE28001C1623 /* HandEvaluator.m in Sources */,
				C39EE826158EC1CC001C1623 /* Card.m in Sources */,
				C39EE82A158EC27E001C1623 /* HoldemHandDistribution.m in Sources */,
			);
			runOnlyForDeploymentPostprocessing = 0;
		};
/* End PBXSourcesBuildPhase section */

/* Begin XCBuildConfiguration section */
		C39EE7FC158EBCA7001C1623 /* Debug */ = {
			isa = XCBuildConfiguration;
			buildSettings = {
				ALWAYS_SEARCH_USER_PATHS = NO;
				CLANG_ENABLE_OBJC_ARC = YES;
				CLANG_WARN_BOOL_CONVERSION = YES;
				CLANG_WARN_CONSTANT_CONVERSION = YES;
				CLANG_WARN_EMPTY_BODY = YES;
				CLANG_WARN_ENUM_CONVERSION = YES;
				CLANG_WARN_INT_CONVERSION = YES;
				CLANG_WARN_UNREACHABLE_CODE = YES;
				CLANG_WARN__DUPLICATE_METHOD_MATCH = YES;
				COPY_PHASE_STRIP = NO;
				ENABLE_STRICT_OBJC_MSGSEND = YES;
				ENABLE_TESTABILITY = YES;
				GCC_C_LANGUAGE_STANDARD = gnu99;
				GCC_DYNAMIC_NO_PIC = NO;
				GCC_ENABLE_OBJC_EXCEPTIONS = YES;
				GCC_NO_COMMON_BLOCKS = YES;
				GCC_OPTIMIZATION_LEVEL = 0;
				GCC_PREPROCESSOR_DEFINITIONS = (
					"DEBUG=1",
					"$(inherited)",
				);
				GCC_SYMBOLS_PRIVATE_EXTERN = NO;
				GCC_VERSION = com.apple.compilers.llvm.clang.1_0;
				GCC_WARN_64_TO_32_BIT_CONVERSION = YES;
				GCC_WARN_ABOUT_RETURN_TYPE = YES;
				GCC_WARN_UNDECLARED_SELECTOR = YES;
				GCC_WARN_UNINITIALIZED_AUTOS = YES;
				GCC_WARN_UNUSED_FUNCTION = YES;
				GCC_WARN_UNUSED_VARIABLE = YES;
				MACOSX_DEPLOYMENT_TARGET = 10.7;
				ONLY_ACTIVE_ARCH = YES;
				SDKROOT = macosx;
			};
			name = Debug;
		};
		C39EE7FD158EBCA7001C1623 /* Release */ = {
			isa = XCBuildConfiguration;
			buildSettings = {
				ALWAYS_SEARCH_USER_PATHS = NO;
				CLANG_ENABLE_OBJC_ARC = YES;
				CLANG_WARN_BOOL_CONVERSION = YES;
				CLANG_WARN_CONSTANT_CONVERSION = YES;
				CLANG_WARN_EMPTY_BODY = YES;
				CLANG_WARN_ENUM_CONVERSION = YES;
				CLANG_WARN_INT_CONVERSION = YES;
				CLANG_WARN_UNREACHABLE_CODE = YES;
				CLANG_WARN__DUPLICATE_METHOD_MATCH = YES;
				COPY_PHASE_STRIP = YES;
				DEBUG_INFORMATION_FORMAT = "dwarf-with-dsym";
				ENABLE_STRICT_OBJC_MSGSEND = YES;
				GCC_C_LANGUAGE_STANDARD = gnu99;
				GCC_ENABLE_OBJC_EXCEPTIONS = YES;
				GCC_NO_COMMON_BLOCKS = YES;
				GCC_VERSION = com.apple.compilers.llvm.clang.1_0;
				GCC_WARN_64_TO_32_BIT_CONVERSION = YES;
				GCC_WARN_ABOUT_RETURN_TYPE = YES;
				GCC_WARN_UNDECLARED_SELECTOR = YES;
				GCC_WARN_UNINITIALIZED_AUTOS = YES;
				GCC_WARN_UNUSED_FUNCTION = YES;
				GCC_WARN_UNUSED_VARIABLE = YES;
				MACOSX_DEPLOYMENT_TARGET = 10.7;
				SDKROOT = macosx;
			};
			name = Release;
		};
		C39EE7FF158EBCA7001C1623 /* Debug */ = {
			isa = XCBuildConfiguration;
			buildSettings = {
				GCC_PRECOMPILE_PREFIX_HEADER = YES;
				GCC_PREFIX_HEADER = "PokerEval/PokerEval-Prefix.pch";
				PRODUCT_NAME = "$(TARGET_NAME)";
			};
			name = Debug;
		};
		C39EE800158EBCA7001C1623 /* Release */ = {
			isa = XCBuildConfiguration;
			buildSettings = {
				GCC_PRECOMPILE_PREFIX_HEADER = YES;
				GCC_PREFIX_HEADER = "PokerEval/PokerEval-Prefix.pch";
				PRODUCT_NAME = "$(TARGET_NAME)";
			};
			name = Release;
		};
/* End XCBuildConfiguration section */

/* Begin XCConfigurationList section */
		C39EE7E9158EBCA7001C1623 /* Build configuration list for PBXProject "PokerEval" */ = {
			isa = XCConfigurationList;
			buildConfigurations = (
				C39EE7FC158EBCA7001C1623 /* Debug */,
				C39EE7FD158EBCA7001C1623 /* Release */,
			);
			defaultConfigurationIsVisible = 0;
			defaultConfigurationName = Release;
		};
		C39EE7FE158EBCA7001C1623 /* Build configuration list for PBXNativeTarget "PokerEval" */ = {
			isa = XCConfigurationList;
			buildConfigurations = (
				C39EE7FF158EBCA7001C1623 /* Debug */,
				C39EE800158EBCA7001C1623 /* Release */,
			);
			defaultConfigurationIsVisible = 0;
			defaultConfigurationName = Release;
		};
/* End XCConfigurationList section */
	};
	rootObject = C39EE7E6158EBCA7001C1623 /* Project object */;
}
